// !$*UTF8*$!
{
	archiveVersion = 1;
	classes = {
	};
	objectVersion = 77;
	objects = {

/* Begin PBXBuildFile section */
		7B77C28F2EA7DF9400ED28DB /* FirebaseAuth in Frameworks */ = {isa = PBXBuildFile; productRef = 7B77C28E2EA7DF9400ED28DB /* FirebaseAuth */; };
		7B77C2932EA7DF9D00ED28DB /* FirebaseCore in Frameworks */ = {isa = PBXBuildFile; productRef = 7B77C2922EA7DF9D00ED28DB /* FirebaseCore */; };
		7B77C2992EA7DFAB00ED28DB /* FirebaseFirestore in Frameworks */ = {isa = PBXBuildFile; productRef = 7B77C2982EA7DFAB00ED28DB /* FirebaseFirestore */; };
		7B77C2A32EA7DFC800ED28DB /* FirebaseInstallations in Frameworks */ = {isa = PBXBuildFile; productRef = 7B77C2A22EA7DFC800ED28DB /* FirebaseInstallations */; };
		7B77C2A52EA7DFCE00ED28DB /* FirebaseMessaging in Frameworks */ = {isa = PBXBuildFile; productRef = 7B77C2A42EA7DFCE00ED28DB /* FirebaseMessaging */; };
/* End PBXBuildFile section */

/* Begin PBXContainerItemProxy section */
		7BB757C92EA7D6DB003F8FE5 /* PBXContainerItemProxy */ = {
			isa = PBXContainerItemProxy;
			containerPortal = 7BB757B32EA7D6DA003F8FE5 /* Project object */;
			proxyType = 1;
			remoteGlobalIDString = 7BB757BA2EA7D6DA003F8FE5;
			remoteInfo = KNB;
		};
		7BB757D32EA7D6DB003F8FE5 /* PBXContainerItemProxy */ = {
			isa = PBXContainerItemProxy;
			containerPortal = 7BB757B32EA7D6DA003F8FE5 /* Project object */;
			proxyType = 1;
			remoteGlobalIDString = 7BB757BA2EA7D6DA003F8FE5;
			remoteInfo = KNB;
		};
/* End PBXContainerItemProxy section */

/* Begin PBXFileReference section */
		68AF3AA02ECBE2440064F9A9 /* The KNB App.entitlements */ = {isa = PBXFileReference; lastKnownFileType = text.plist.entitlements; path = "The KNB App.entitlements"; sourceTree = "<group>"; };
		7BB757BB2EA7D6DA003F8FE5 /* The KNB App.app */ = {isa = PBXFileReference; explicitFileType = wrapper.application; includeInIndex = 0; path = "The KNB App.app"; sourceTree = BUILT_PRODUCTS_DIR; };
		7BB757C82EA7D6DB003F8FE5 /* The KNB AppTests.xctest */ = {isa = PBXFileReference; explicitFileType = wrapper.cfbundle; includeInIndex = 0; path = "The KNB AppTests.xctest"; sourceTree = BUILT_PRODUCTS_DIR; };
		7BB757D22EA7D6DB003F8FE5 /* The KNB AppUITests.xctest */ = {isa = PBXFileReference; explicitFileType = wrapper.cfbundle; includeInIndex = 0; path = "The KNB AppUITests.xctest"; sourceTree = BUILT_PRODUCTS_DIR; };
		7BB757F02EA7DF3C003F8FE5 /* The-KNB-App-Info.plist */ = {isa = PBXFileReference; lastKnownFileType = text.plist; path = "The-KNB-App-Info.plist"; sourceTree = "<group>"; };
/* End PBXFileReference section */

/* Begin PBXFileSystemSynchronizedRootGroup section */
		7BB757BD2EA7D6DA003F8FE5 /* KNB */ = {
			isa = PBXFileSystemSynchronizedRootGroup;
			path = KNB;
			sourceTree = "<group>";
		};
		7BB757CB2EA7D6DB003F8FE5 /* KNBTests */ = {
			isa = PBXFileSystemSynchronizedRootGroup;
			path = KNBTests;
			sourceTree = "<group>";
		};
		7BB757D52EA7D6DB003F8FE5 /* KNBUITests */ = {
			isa = PBXFileSystemSynchronizedRootGroup;
			path = KNBUITests;
			sourceTree = "<group>";
		};
/* End PBXFileSystemSynchronizedRootGroup section */

/* Begin PBXFrameworksBuildPhase section */
		7BB757B82EA7D6DA003F8FE5 /* Frameworks */ = {
			isa = PBXFrameworksBuildPhase;
			buildActionMask = 2147483647;
			files = (
				7B77C2932EA7DF9D00ED28DB /* FirebaseCore in Frameworks */,
				7B77C28F2EA7DF9400ED28DB /* FirebaseAuth in Frameworks */,
				7B77C2992EA7DFAB00ED28DB /* FirebaseFirestore in Frameworks */,
				7B77C2A52EA7DFCE00ED28DB /* FirebaseMessaging in Frameworks */,
				7B77C2A32EA7DFC800ED28DB /* FirebaseInstallations in Frameworks */,
			);
			runOnlyForDeploymentPostprocessing = 0;
		};
		7BB757C52EA7D6DB003F8FE5 /* Frameworks */ = {
			isa = PBXFrameworksBuildPhase;
			buildActionMask = 2147483647;
			files = (
			);
			runOnlyForDeploymentPostprocessing = 0;
		};
		7BB757CF2EA7D6DB003F8FE5 /* Frameworks */ = {
			isa = PBXFrameworksBuildPhase;
			buildActionMask = 2147483647;
			files = (
			);
			runOnlyForDeploymentPostprocessing = 0;
		};
/* End PBXFrameworksBuildPhase section */

/* Begin PBXGroup section */
		7B77C2812EA7DF7D00ED28DB /* Frameworks */ = {
			isa = PBXGroup;
			children = (
			);
			name = Frameworks;
			sourceTree = "<group>";
		};
		7BB757B22EA7D6DA003F8FE5 = {
			isa = PBXGroup;
			children = (
				68AF3AA02ECBE2440064F9A9 /* The KNB App.entitlements */,
				7BB757F02EA7DF3C003F8FE5 /* The-KNB-App-Info.plist */,
				7BB757BD2EA7D6DA003F8FE5 /* KNB */,
				7BB757CB2EA7D6DB003F8FE5 /* KNBTests */,
				7BB757D52EA7D6DB003F8FE5 /* KNBUITests */,
				7B77C2812EA7DF7D00ED28DB /* Frameworks */,
				7BB757BC2EA7D6DA003F8FE5 /* Products */,
			);
			sourceTree = "<group>";
		};
		7BB757BC2EA7D6DA003F8FE5 /* Products */ = {
			isa = PBXGroup;
			children = (
				7BB757BB2EA7D6DA003F8FE5 /* The KNB App.app */,
				7BB757C82EA7D6DB003F8FE5 /* The KNB AppTests.xctest */,
				7BB757D22EA7D6DB003F8FE5 /* The KNB AppUITests.xctest */,
			);
			name = Products;
			sourceTree = "<group>";
		};
/* End PBXGroup section */

/* Begin PBXNativeTarget section */
		7BB757BA2EA7D6DA003F8FE5 /* The KNB App */ = {
			isa = PBXNativeTarget;
			buildConfigurationList = 7BB757DC2EA7D6DB003F8FE5 /* Build configuration list for PBXNativeTarget "The KNB App" */;
			buildPhases = (
				7BB757B72EA7D6DA003F8FE5 /* Sources */,
				7BB757B82EA7D6DA003F8FE5 /* Frameworks */,
				7BB757B92EA7D6DA003F8FE5 /* Resources */,
			);
			buildRules = (
			);
			dependencies = (
			);
			fileSystemSynchronizedGroups = (
				7BB757BD2EA7D6DA003F8FE5 /* KNB */,
			);
			name = "The KNB App";
			packageProductDependencies = (
				7B77C2922EA7DF9D00ED28DB /* FirebaseCore */,
				7B77C28E2EA7DF9400ED28DB /* FirebaseAuth */,
				7B77C2982EA7DFAB00ED28DB /* FirebaseFirestore */,
				7B77C2A42EA7DFCE00ED28DB /* FirebaseMessaging */,
				7B77C2A22EA7DFC800ED28DB /* FirebaseInstallations */,
			);
			productName = KNB;
			productReference = 7BB757BB2EA7D6DA003F8FE5 /* The KNB App.app */;
			productType = "com.apple.product-type.application";
		};
		7BB757C72EA7D6DB003F8FE5 /* The KNB AppTests */ = {
			isa = PBXNativeTarget;
			buildConfigurationList = 7BB757DF2EA7D6DB003F8FE5 /* Build configuration list for PBXNativeTarget "The KNB AppTests" */;
			buildPhases = (
				7BB757C42EA7D6DB003F8FE5 /* Sources */,
				7BB757C52EA7D6DB003F8FE5 /* Frameworks */,
				7BB757C62EA7D6DB003F8FE5 /* Resources */,
			);
			buildRules = (
			);
			dependencies = (
				7BB757CA2EA7D6DB003F8FE5 /* PBXTargetDependency */,
			);
			fileSystemSynchronizedGroups = (
				7BB757CB2EA7D6DB003F8FE5 /* KNBTests */,
			);
			name = "The KNB AppTests";
			packageProductDependencies = (
			);
			productName = KNBTests;
			productReference = 7BB757C82EA7D6DB003F8FE5 /* The KNB AppTests.xctest */;
			productType = "com.apple.product-type.bundle.unit-test";
		};
		7BB757D12EA7D6DB003F8FE5 /* The KNB AppUITests */ = {
			isa = PBXNativeTarget;
			buildConfigurationList = 7BB757E22EA7D6DB003F8FE5 /* Build configuration list for PBXNativeTarget "The KNB AppUITests" */;
			buildPhases = (
				7BB757CE2EA7D6DB003F8FE5 /* Sources */,
				7BB757CF2EA7D6DB003F8FE5 /* Frameworks */,
				7BB757D02EA7D6DB003F8FE5 /* Resources */,
			);
			buildRules = (
			);
			dependencies = (
				7BB757D42EA7D6DB003F8FE5 /* PBXTargetDependency */,
			);
			fileSystemSynchronizedGroups = (
				7BB757D52EA7D6DB003F8FE5 /* KNBUITests */,
			);
			name = "The KNB AppUITests";
			packageProductDependencies = (
			);
			productName = KNBUITests;
			productReference = 7BB757D22EA7D6DB003F8FE5 /* The KNB AppUITests.xctest */;
			productType = "com.apple.product-type.bundle.ui-testing";
		};
/* End PBXNativeTarget section */

/* Begin PBXProject section */
		7BB757B32EA7D6DA003F8FE5 /* Project object */ = {
			isa = PBXProject;
			attributes = {
				BuildIndependentTargetsInParallel = 1;
				LastSwiftUpdateCheck = 2600;
				LastUpgradeCheck = 2600;
				TargetAttributes = {
					7BB757BA2EA7D6DA003F8FE5 = {
						CreatedOnToolsVersion = 26.0;
					};
					7BB757C72EA7D6DB003F8FE5 = {
						CreatedOnToolsVersion = 26.0;
						TestTargetID = 7BB757BA2EA7D6DA003F8FE5;
					};
					7BB757D12EA7D6DB003F8FE5 = {
						CreatedOnToolsVersion = 26.0;
						TestTargetID = 7BB757BA2EA7D6DA003F8FE5;
					};
				};
			};
			buildConfigurationList = 7BB757B62EA7D6DA003F8FE5 /* Build configuration list for PBXProject "The KNB App" */;
			developmentRegion = en;
			hasScannedForEncodings = 0;
			knownRegions = (
				en,
				Base,
			);
			mainGroup = 7BB757B22EA7D6DA003F8FE5;
			minimizedProjectReferenceProxies = 1;
			packageReferences = (
				7BB757EF2EA7DF11003F8FE5 /* XCRemoteSwiftPackageReference "firebase-ios-sdk" */,
			);
			preferredProjectObjectVersion = 77;
			productRefGroup = 7BB757BC2EA7D6DA003F8FE5 /* Products */;
			projectDirPath = "";
			projectRoot = "";
			targets = (
				7BB757BA2EA7D6DA003F8FE5 /* The KNB App */,
				7BB757C72EA7D6DB003F8FE5 /* The KNB AppTests */,
				7BB757D12EA7D6DB003F8FE5 /* The KNB AppUITests */,
			);
		};
/* End PBXProject section */

/* Begin PBXResourcesBuildPhase section */
		7BB757B92EA7D6DA003F8FE5 /* Resources */ = {
			isa = PBXResourcesBuildPhase;
			buildActionMask = 2147483647;
			files = (
			);
			runOnlyForDeploymentPostprocessing = 0;
		};
		7BB757C62EA7D6DB003F8FE5 /* Resources */ = {
			isa = PBXResourcesBuildPhase;
			buildActionMask = 2147483647;
			files = (
			);
			runOnlyForDeploymentPostprocessing = 0;
		};
		7BB757D02EA7D6DB003F8FE5 /* Resources */ = {
			isa = PBXResourcesBuildPhase;
			buildActionMask = 2147483647;
			files = (
			);
			runOnlyForDeploymentPostprocessing = 0;
		};
/* End PBXResourcesBuildPhase section */

/* Begin PBXSourcesBuildPhase section */
		7BB757B72EA7D6DA003F8FE5 /* Sources */ = {
			isa = PBXSourcesBuildPhase;
			buildActionMask = 2147483647;
			files = (
			);
			runOnlyForDeploymentPostprocessing = 0;
		};
		7BB757C42EA7D6DB003F8FE5 /* Sources */ = {
			isa = PBXSourcesBuildPhase;
			buildActionMask = 2147483647;
			files = (
			);
			runOnlyForDeploymentPostprocessing = 0;
		};
		7BB757CE2EA7D6DB003F8FE5 /* Sources */ = {
			isa = PBXSourcesBuildPhase;
			buildActionMask = 2147483647;
			files = (
			);
			runOnlyForDeploymentPostprocessing = 0;
		};
/* End PBXSourcesBuildPhase section */

/* Begin PBXTargetDependency section */
		7BB757CA2EA7D6DB003F8FE5 /* PBXTargetDependency */ = {
			isa = PBXTargetDependency;
			target = 7BB757BA2EA7D6DA003F8FE5 /* The KNB App */;
			targetProxy = 7BB757C92EA7D6DB003F8FE5 /* PBXContainerItemProxy */;
		};
		7BB757D42EA7D6DB003F8FE5 /* PBXTargetDependency */ = {
			isa = PBXTargetDependency;
			target = 7BB757BA2EA7D6DA003F8FE5 /* The KNB App */;
			targetProxy = 7BB757D32EA7D6DB003F8FE5 /* PBXContainerItemProxy */;
		};
/* End PBXTargetDependency section */

/* Begin XCBuildConfiguration section */
		7BB757DA2EA7D6DB003F8FE5 /* Debug */ = {
			isa = XCBuildConfiguration;
			buildSettings = {
				ALWAYS_SEARCH_USER_PATHS = NO;
				ASSETCATALOG_COMPILER_GENERATE_SWIFT_ASSET_SYMBOL_EXTENSIONS = YES;
				CLANG_ANALYZER_NONNULL = YES;
				CLANG_ANALYZER_NUMBER_OBJECT_CONVERSION = YES_AGGRESSIVE;
				CLANG_CXX_LANGUAGE_STANDARD = "gnu++20";
				CLANG_ENABLE_MODULES = YES;
				CLANG_ENABLE_OBJC_ARC = YES;
				CLANG_ENABLE_OBJC_WEAK = YES;
				CLANG_WARN_BLOCK_CAPTURE_AUTORELEASING = YES;
				CLANG_WARN_BOOL_CONVERSION = YES;
				CLANG_WARN_COMMA = YES;
				CLANG_WARN_CONSTANT_CONVERSION = YES;
				CLANG_WARN_DEPRECATED_OBJC_IMPLEMENTATIONS = YES;
				CLANG_WARN_DIRECT_OBJC_ISA_USAGE = YES_ERROR;
				CLANG_WARN_DOCUMENTATION_COMMENTS = YES;
				CLANG_WARN_EMPTY_BODY = YES;
				CLANG_WARN_ENUM_CONVERSION = YES;
				CLANG_WARN_INFINITE_RECURSION = YES;
				CLANG_WARN_INT_CONVERSION = YES;
				CLANG_WARN_NON_LITERAL_NULL_CONVERSION = YES;
				CLANG_WARN_OBJC_IMPLICIT_RETAIN_SELF = YES;
				CLANG_WARN_OBJC_LITERAL_CONVERSION = YES;
				CLANG_WARN_OBJC_ROOT_CLASS = YES_ERROR;
				CLANG_WARN_QUOTED_INCLUDE_IN_FRAMEWORK_HEADER = YES;
				CLANG_WARN_RANGE_LOOP_ANALYSIS = YES;
				CLANG_WARN_STRICT_PROTOTYPES = YES;
				CLANG_WARN_SUSPICIOUS_MOVE = YES;
				CLANG_WARN_UNGUARDED_AVAILABILITY = YES_AGGRESSIVE;
				CLANG_WARN_UNREACHABLE_CODE = YES;
				CLANG_WARN__DUPLICATE_METHOD_MATCH = YES;
				COPY_PHASE_STRIP = NO;
				DEBUG_INFORMATION_FORMAT = dwarf;
				DEVELOPMENT_TEAM = P8WQ4HA33H;
				ENABLE_STRICT_OBJC_MSGSEND = YES;
				ENABLE_TESTABILITY = YES;
				ENABLE_USER_SCRIPT_SANDBOXING = YES;
				GCC_C_LANGUAGE_STANDARD = gnu17;
				GCC_DYNAMIC_NO_PIC = NO;
				GCC_NO_COMMON_BLOCKS = YES;
				GCC_OPTIMIZATION_LEVEL = 0;
				GCC_PREPROCESSOR_DEFINITIONS = (
					"DEBUG=1",
					"$(inherited)",
				);
				GCC_WARN_64_TO_32_BIT_CONVERSION = YES;
				GCC_WARN_ABOUT_RETURN_TYPE = YES_ERROR;
				GCC_WARN_UNDECLARED_SELECTOR = YES;
				GCC_WARN_UNINITIALIZED_AUTOS = YES_AGGRESSIVE;
				GCC_WARN_UNUSED_FUNCTION = YES;
				GCC_WARN_UNUSED_VARIABLE = YES;
				IPHONEOS_DEPLOYMENT_TARGET = 26.0;
				LOCALIZATION_PREFERS_STRING_CATALOGS = YES;
				MTL_ENABLE_DEBUG_INFO = INCLUDE_SOURCE;
				MTL_FAST_MATH = YES;
				ONLY_ACTIVE_ARCH = YES;
				SDKROOT = iphoneos;
				SWIFT_ACTIVE_COMPILATION_CONDITIONS = "DEBUG $(inherited)";
				SWIFT_OPTIMIZATION_LEVEL = "-Onone";
			};
			name = Debug;
		};
		7BB757DB2EA7D6DB003F8FE5 /* Release */ = {
			isa = XCBuildConfiguration;
			buildSettings = {
				ALWAYS_SEARCH_USER_PATHS = NO;
				ASSETCATALOG_COMPILER_GENERATE_SWIFT_ASSET_SYMBOL_EXTENSIONS = YES;
				CLANG_ANALYZER_NONNULL = YES;
				CLANG_ANALYZER_NUMBER_OBJECT_CONVERSION = YES_AGGRESSIVE;
				CLANG_CXX_LANGUAGE_STANDARD = "gnu++20";
				CLANG_ENABLE_MODULES = YES;
				CLANG_ENABLE_OBJC_ARC = YES;
				CLANG_ENABLE_OBJC_WEAK = YES;
				CLANG_WARN_BLOCK_CAPTURE_AUTORELEASING = YES;
				CLANG_WARN_BOOL_CONVERSION = YES;
				CLANG_WARN_COMMA = YES;
				CLANG_WARN_CONSTANT_CONVERSION = YES;
				CLANG_WARN_DEPRECATED_OBJC_IMPLEMENTATIONS = YES;
				CLANG_WARN_DIRECT_OBJC_ISA_USAGE = YES_ERROR;
				CLANG_WARN_DOCUMENTATION_COMMENTS = YES;
				CLANG_WARN_EMPTY_BODY = YES;
				CLANG_WARN_ENUM_CONVERSION = YES;
				CLANG_WARN_INFINITE_RECURSION = YES;
				CLANG_WARN_INT_CONVERSION = YES;
				CLANG_WARN_NON_LITERAL_NULL_CONVERSION = YES;
				CLANG_WARN_OBJC_IMPLICIT_RETAIN_SELF = YES;
				CLANG_WARN_OBJC_LITERAL_CONVERSION = YES;
				CLANG_WARN_OBJC_ROOT_CLASS = YES_ERROR;
				CLANG_WARN_QUOTED_INCLUDE_IN_FRAMEWORK_HEADER = YES;
				CLANG_WARN_RANGE_LOOP_ANALYSIS = YES;
				CLANG_WARN_STRICT_PROTOTYPES = YES;
				CLANG_WARN_SUSPICIOUS_MOVE = YES;
				CLANG_WARN_UNGUARDED_AVAILABILITY = YES_AGGRESSIVE;
				CLANG_WARN_UNREACHABLE_CODE = YES;
				CLANG_WARN__DUPLICATE_METHOD_MATCH = YES;
				COPY_PHASE_STRIP = NO;
				DEBUG_INFORMATION_FORMAT = "dwarf-with-dsym";
				DEVELOPMENT_TEAM = P8WQ4HA33H;
				ENABLE_NS_ASSERTIONS = NO;
				ENABLE_STRICT_OBJC_MSGSEND = YES;
				ENABLE_USER_SCRIPT_SANDBOXING = YES;
				GCC_C_LANGUAGE_STANDARD = gnu17;
				GCC_NO_COMMON_BLOCKS = YES;
				GCC_WARN_64_TO_32_BIT_CONVERSION = YES;
				GCC_WARN_ABOUT_RETURN_TYPE = YES_ERROR;
				GCC_WARN_UNDECLARED_SELECTOR = YES;
				GCC_WARN_UNINITIALIZED_AUTOS = YES_AGGRESSIVE;
				GCC_WARN_UNUSED_FUNCTION = YES;
				GCC_WARN_UNUSED_VARIABLE = YES;
				IPHONEOS_DEPLOYMENT_TARGET = 26.0;
				LOCALIZATION_PREFERS_STRING_CATALOGS = YES;
				MTL_ENABLE_DEBUG_INFO = NO;
				MTL_FAST_MATH = YES;
				SDKROOT = iphoneos;
				SWIFT_COMPILATION_MODE = wholemodule;
				VALIDATE_PRODUCT = YES;
			};
			name = Release;
		};
		7BB757DD2EA7D6DB003F8FE5 /* Debug */ = {
			isa = XCBuildConfiguration;
			buildSettings = {
				ASSETCATALOG_COMPILER_APPICON_NAME = AppIcon;
				ASSETCATALOG_COMPILER_GLOBAL_ACCENT_COLOR_NAME = AccentColor;
				CODE_SIGN_ENTITLEMENTS = "The KNB App.entitlements";
				CODE_SIGN_STYLE = Automatic;
				CURRENT_PROJECT_VERSION = 1;
				DEVELOPMENT_TEAM = P8WQ4HA33H;
				ENABLE_PREVIEWS = YES;
				GENERATE_INFOPLIST_FILE = YES;
				INFOPLIST_FILE = "The-KNB-App-Info.plist";
				INFOPLIST_KEY_UIApplicationSceneManifest_Generation = YES;
				INFOPLIST_KEY_UIApplicationSupportsIndirectInputEvents = YES;
				INFOPLIST_KEY_UILaunchScreen_Generation = YES;
				INFOPLIST_KEY_UISupportedInterfaceOrientations_iPad = "UIInterfaceOrientationPortrait UIInterfaceOrientationPortraitUpsideDown UIInterfaceOrientationLandscapeLeft UIInterfaceOrientationLandscapeRight";
				INFOPLIST_KEY_UISupportedInterfaceOrientations_iPhone = "UIInterfaceOrientationPortrait UIInterfaceOrientationLandscapeLeft UIInterfaceOrientationLandscapeRight";
				LD_RUNPATH_SEARCH_PATHS = (
					"$(inherited)",
					"@executable_path/Frameworks",
				);
				MARKETING_VERSION = 1.0;
				PRODUCT_BUNDLE_IDENTIFIER = com.Appsprout.theKNBapp;
				PRODUCT_NAME = "$(TARGET_NAME)";
				STRING_CATALOG_GENERATE_SYMBOLS = YES;
				SWIFT_APPROACHABLE_CONCURRENCY = YES;
				SWIFT_DEFAULT_ACTOR_ISOLATION = MainActor;
				SWIFT_EMIT_LOC_STRINGS = YES;
				SWIFT_UPCOMING_FEATURE_MEMBER_IMPORT_VISIBILITY = YES;
				SWIFT_VERSION = 5.0;
				TARGETED_DEVICE_FAMILY = "1,2";
			};
			name = Debug;
		};
		7BB757DE2EA7D6DB003F8FE5 /* Release */ = {
			isa = XCBuildConfiguration;
			buildSettings = {
				ASSETCATALOG_COMPILER_APPICON_NAME = AppIcon;
				ASSETCATALOG_COMPILER_GLOBAL_ACCENT_COLOR_NAME = AccentColor;
				CODE_SIGN_ENTITLEMENTS = "The KNB App.entitlements";
				CODE_SIGN_STYLE = Automatic;
				CURRENT_PROJECT_VERSION = 1;
				DEVELOPMENT_TEAM = P8WQ4HA33H;
				ENABLE_PREVIEWS = YES;
				GENERATE_INFOPLIST_FILE = YES;
				INFOPLIST_FILE = "The-KNB-App-Info.plist";
				INFOPLIST_KEY_UIApplicationSceneManifest_Generation = YES;
				INFOPLIST_KEY_UIApplicationSupportsIndirectInputEvents = YES;
				INFOPLIST_KEY_UILaunchScreen_Generation = YES;
				INFOPLIST_KEY_UISupportedInterfaceOrientations_iPad = "UIInterfaceOrientationPortrait UIInterfaceOrientationPortraitUpsideDown UIInterfaceOrientationLandscapeLeft UIInterfaceOrientationLandscapeRight";
				INFOPLIST_KEY_UISupportedInterfaceOrientations_iPhone = "UIInterfaceOrientationPortrait UIInterfaceOrientationLandscapeLeft UIInterfaceOrientationLandscapeRight";
				LD_RUNPATH_SEARCH_PATHS = (
					"$(inherited)",
					"@executable_path/Frameworks",
				);
				MARKETING_VERSION = 1.0;
				PRODUCT_BUNDLE_IDENTIFIER = com.Appsprout.theKNBapp;
				PRODUCT_NAME = "$(TARGET_NAME)";
				STRING_CATALOG_GENERATE_SYMBOLS = YES;
				SWIFT_APPROACHABLE_CONCURRENCY = YES;
				SWIFT_DEFAULT_ACTOR_ISOLATION = MainActor;
				SWIFT_EMIT_LOC_STRINGS = YES;
				SWIFT_UPCOMING_FEATURE_MEMBER_IMPORT_VISIBILITY = YES;
				SWIFT_VERSION = 5.0;
				TARGETED_DEVICE_FAMILY = "1,2";
			};
			name = Release;
		};
		7BB757E02EA7D6DB003F8FE5 /* Debug */ = {
			isa = XCBuildConfiguration;
			buildSettings = {
				BUNDLE_LOADER = "$(TEST_HOST)";
				CODE_SIGN_STYLE = Automatic;
				CURRENT_PROJECT_VERSION = 1;
				DEVELOPMENT_TEAM = P8WQ4HA33H;
				GENERATE_INFOPLIST_FILE = YES;
				IPHONEOS_DEPLOYMENT_TARGET = 26.0;
				MARKETING_VERSION = 1.0;
				PRODUCT_BUNDLE_IDENTIFIER = com.Appsprout.KNBTests;
				PRODUCT_NAME = "$(TARGET_NAME)";
				STRING_CATALOG_GENERATE_SYMBOLS = NO;
				SWIFT_APPROACHABLE_CONCURRENCY = YES;
				SWIFT_EMIT_LOC_STRINGS = NO;
				SWIFT_UPCOMING_FEATURE_MEMBER_IMPORT_VISIBILITY = YES;
				SWIFT_VERSION = 5.0;
				TARGETED_DEVICE_FAMILY = "1,2";
				TEST_HOST = "$(BUILT_PRODUCTS_DIR)/The KNB App.app/$(BUNDLE_EXECUTABLE_FOLDER_PATH)/The KNB App";
			};
			name = Debug;
		};
		7BB757E12EA7D6DB003F8FE5 /* Release */ = {
			isa = XCBuildConfiguration;
			buildSettings = {
				BUNDLE_LOADER = "$(TEST_HOST)";
				CODE_SIGN_STYLE = Automatic;
				CURRENT_PROJECT_VERSION = 1;
				DEVELOPMENT_TEAM = P8WQ4HA33H;
				GENERATE_INFOPLIST_FILE = YES;
				IPHONEOS_DEPLOYMENT_TARGET = 26.0;
				MARKETING_VERSION = 1.0;
				PRODUCT_BUNDLE_IDENTIFIER = com.Appsprout.KNBTests;
				PRODUCT_NAME = "$(TARGET_NAME)";
				STRING_CATALOG_GENERATE_SYMBOLS = NO;
				SWIFT_APPROACHABLE_CONCURRENCY = YES;
				SWIFT_EMIT_LOC_STRINGS = NO;
				SWIFT_UPCOMING_FEATURE_MEMBER_IMPORT_VISIBILITY = YES;
				SWIFT_VERSION = 5.0;
				TARGETED_DEVICE_FAMILY = "1,2";
				TEST_HOST = "$(BUILT_PRODUCTS_DIR)/The KNB App.app/$(BUNDLE_EXECUTABLE_FOLDER_PATH)/The KNB App";
			};
			name = Release;
		};
		7BB757E32EA7D6DB003F8FE5 /* Debug */ = {
			isa = XCBuildConfiguration;
			buildSettings = {
				CODE_SIGN_STYLE = Automatic;
				CURRENT_PROJECT_VERSION = 1;
				DEVELOPMENT_TEAM = P8WQ4HA33H;
				GENERATE_INFOPLIST_FILE = YES;
				MARKETING_VERSION = 1.0;
				PRODUCT_BUNDLE_IDENTIFIER = com.Appsprout.KNBUITests;
				PRODUCT_NAME = "$(TARGET_NAME)";
				STRING_CATALOG_GENERATE_SYMBOLS = NO;
				SWIFT_APPROACHABLE_CONCURRENCY = YES;
				SWIFT_EMIT_LOC_STRINGS = NO;
				SWIFT_UPCOMING_FEATURE_MEMBER_IMPORT_VISIBILITY = YES;
				SWIFT_VERSION = 5.0;
				TARGETED_DEVICE_FAMILY = "1,2";
				TEST_TARGET_NAME = KNB;
			};
			name = Debug;
		};
		7BB757E42EA7D6DB003F8FE5 /* Release */ = {
			isa = XCBuildConfiguration;
			buildSettings = {
				CODE_SIGN_STYLE = Automatic;
				CURRENT_PROJECT_VERSION = 1;
				DEVELOPMENT_TEAM = P8WQ4HA33H;
				GENERATE_INFOPLIST_FILE = YES;
				MARKETING_VERSION = 1.0;
				PRODUCT_BUNDLE_IDENTIFIER = com.Appsprout.KNBUITests;
				PRODUCT_NAME = "$(TARGET_NAME)";
				STRING_CATALOG_GENERATE_SYMBOLS = NO;
				SWIFT_APPROACHABLE_CONCURRENCY = YES;
				SWIFT_EMIT_LOC_STRINGS = NO;
				SWIFT_UPCOMING_FEATURE_MEMBER_IMPORT_VISIBILITY = YES;
				SWIFT_VERSION = 5.0;
				TARGETED_DEVICE_FAMILY = "1,2";
				TEST_TARGET_NAME = KNB;
			};
			name = Release;
		};
/* End XCBuildConfiguration section */

/* Begin XCConfigurationList section */
		7BB757B62EA7D6DA003F8FE5 /* Build configuration list for PBXProject "The KNB App" */ = {
			isa = XCConfigurationList;
			buildConfigurations = (
				7BB757DA2EA7D6DB003F8FE5 /* Debug */,
				7BB757DB2EA7D6DB003F8FE5 /* Release */,
			);
			defaultConfigurationIsVisible = 0;
			defaultConfigurationName = Release;
		};
		7BB757DC2EA7D6DB003F8FE5 /* Build configuration list for PBXNativeTarget "The KNB App" */ = {
			isa = XCConfigurationList;
			buildConfigurations = (
				7BB757DD2EA7D6DB003F8FE5 /* Debug */,
				7BB757DE2EA7D6DB003F8FE5 /* Release */,
			);
			defaultConfigurationIsVisible = 0;
			defaultConfigurationName = Release;
		};
		7BB757DF2EA7D6DB003F8FE5 /* Build configuration list for PBXNativeTarget "The KNB AppTests" */ = {
			isa = XCConfigurationList;
			buildConfigurations = (
				7BB757E02EA7D6DB003F8FE5 /* Debug */,
				7BB757E12EA7D6DB003F8FE5 /* Release */,
			);
			defaultConfigurationIsVisible = 0;
			defaultConfigurationName = Release;
		};
		7BB757E22EA7D6DB003F8FE5 /* Build configuration list for PBXNativeTarget "The KNB AppUITests" */ = {
			isa = XCConfigurationList;
			buildConfigurations = (
				7BB757E32EA7D6DB003F8FE5 /* Debug */,
				7BB757E42EA7D6DB003F8FE5 /* Release */,
			);
			defaultConfigurationIsVisible = 0;
			defaultConfigurationName = Release;
		};
/* End XCConfigurationList section */

/* Begin XCRemoteSwiftPackageReference section */
		7BB757EF2EA7DF11003F8FE5 /* XCRemoteSwiftPackageReference "firebase-ios-sdk" */ = {
			isa = XCRemoteSwiftPackageReference;
			repositoryURL = "https://github.com/firebase/firebase-ios-sdk";
			requirement = {
				kind = upToNextMajorVersion;
				minimumVersion = 12.4.0;
			};
		};
/* End XCRemoteSwiftPackageReference section */

/* Begin XCSwiftPackageProductDependency section */
		7B77C2922EA7DF9D00ED28DB /* FirebaseCore */ = {
			isa = XCSwiftPackageProductDependency;
			package = 7BB757EF2EA7DF11003F8FE5 /* XCRemoteSwiftPackageReference "firebase-ios-sdk" */;
			productName = FirebaseCore;
		};
		7B77C28E2EA7DF9400ED28DB /* FirebaseAuth */ = {
			isa = XCSwiftPackageProductDependency;
			package = 7BB757EF2EA7DF11003F8FE5 /* XCRemoteSwiftPackageReference "firebase-ios-sdk" */;
			productName = FirebaseAuth;
		};
		7B77C2982EA7DFAB00ED28DB /* FirebaseFirestore */ = {
			isa = XCSwiftPackageProductDependency;
			package = 7BB757EF2EA7DF11003F8FE5 /* XCRemoteSwiftPackageReference "firebase-ios-sdk" */;
			productName = FirebaseFirestore;
		};
		7B77C2A42EA7DFCE00ED28DB /* FirebaseMessaging */ = {
			isa = XCSwiftPackageProductDependency;
			package = 7BB757EF2EA7DF11003F8FE5 /* XCRemoteSwiftPackageReference "firebase-ios-sdk" */;
			productName = FirebaseMessaging;
		};
		7B77C2A22EA7DFC800ED28DB /* FirebaseInstallations */ = {
			isa = XCSwiftPackageProductDependency;
			package = 7BB757EF2EA7DF11003F8FE5 /* XCRemoteSwiftPackageReference "firebase-ios-sdk" */;
			productName = FirebaseInstallations;
		};
/* End XCSwiftPackageProductDependency section */
	};
	rootObject = 7BB757B32EA7D6DA003F8FE5 /* Project object */;
}
